// !$*UTF8*$!
{
	archiveVersion = 1;
	classes = {
	};
	objectVersion = 77;
	objects = {

/* Begin PBXBuildFile section */
		1D750CF22CB43D2D00CC5590 /* NotesterShareExtension.appex in Embed Foundation Extensions */ = {isa = PBXBuildFile; fileRef = 1D750CE82CB43D2D00CC5590 /* NotesterShareExtension.appex */; settings = {ATTRIBUTES = (RemoveHeadersOnCopy, ); }; };
		1D750D052CB4610300CC5590 /* GoogleSignIn in Frameworks */ = {isa = PBXBuildFile; productRef = 1D750D042CB4610300CC5590 /* GoogleSignIn */; };
		1D750D072CB4610300CC5590 /* GoogleSignInSwift in Frameworks */ = {isa = PBXBuildFile; productRef = 1D750D062CB4610300CC5590 /* GoogleSignInSwift */; };
		1D750D122CB4694A00CC5590 /* GoogleSignIn in Frameworks */ = {isa = PBXBuildFile; productRef = 1D750D112CB4694A00CC5590 /* GoogleSignIn */; };
/* End PBXBuildFile section */

/* Begin PBXContainerItemProxy section */
		1D750CC82CB4379800CC5590 /* PBXContainerItemProxy */ = {
			isa = PBXContainerItemProxy;
			containerPortal = 1D750CAE2CB4379600CC5590 /* Project object */;
			proxyType = 1;
			remoteGlobalIDString = 1D750CB52CB4379600CC5590;
			remoteInfo = Notester;
		};
		1D750CD22CB4379800CC5590 /* PBXContainerItemProxy */ = {
			isa = PBXContainerItemProxy;
			containerPortal = 1D750CAE2CB4379600CC5590 /* Project object */;
			proxyType = 1;
			remoteGlobalIDString = 1D750CB52CB4379600CC5590;
			remoteInfo = Notester;
		};
		1D750CF02CB43D2D00CC5590 /* PBXContainerItemProxy */ = {
			isa = PBXContainerItemProxy;
			containerPortal = 1D750CAE2CB4379600CC5590 /* Project object */;
			proxyType = 1;
			remoteGlobalIDString = 1D750CE72CB43D2D00CC5590;
			remoteInfo = NotesterShareExtension;
		};
/* End PBXContainerItemProxy section */

/* Begin PBXCopyFilesBuildPhase section */
		1D750CF72CB43D2D00CC5590 /* Embed Foundation Extensions */ = {
			isa = PBXCopyFilesBuildPhase;
			buildActionMask = 2147483647;
			dstPath = "";
			dstSubfolderSpec = 13;
			files = (
				1D750CF22CB43D2D00CC5590 /* NotesterShareExtension.appex in Embed Foundation Extensions */,
			);
			name = "Embed Foundation Extensions";
			runOnlyForDeploymentPostprocessing = 0;
		};
/* End PBXCopyFilesBuildPhase section */

/* Begin PBXFileReference section */
		1D750CB62CB4379600CC5590 /* Notester.app */ = {isa = PBXFileReference; explicitFileType = wrapper.application; includeInIndex = 0; path = Notester.app; sourceTree = BUILT_PRODUCTS_DIR; };
		1D750CC72CB4379800CC5590 /* NotesterTests.xctest */ = {isa = PBXFileReference; explicitFileType = wrapper.cfbundle; includeInIndex = 0; path = NotesterTests.xctest; sourceTree = BUILT_PRODUCTS_DIR; };
		1D750CD12CB4379800CC5590 /* NotesterUITests.xctest */ = {isa = PBXFileReference; explicitFileType = wrapper.cfbundle; includeInIndex = 0; path = NotesterUITests.xctest; sourceTree = BUILT_PRODUCTS_DIR; };
		1D750CE82CB43D2D00CC5590 /* NotesterShareExtension.appex */ = {isa = PBXFileReference; explicitFileType = "wrapper.app-extension"; includeInIndex = 0; path = NotesterShareExtension.appex; sourceTree = BUILT_PRODUCTS_DIR; };
/* End PBXFileReference section */

/* Begin PBXFileSystemSynchronizedBuildFileExceptionSet section */
		1D750CF32CB43D2D00CC5590 /* Exceptions for "NotesterShareExtension" folder in "NotesterShareExtension" target */ = {
			isa = PBXFileSystemSynchronizedBuildFileExceptionSet;
			membershipExceptions = (
				Info.plist,
			);
			target = 1D750CE72CB43D2D00CC5590 /* NotesterShareExtension */;
		};
		1D750CF92CB45D0500CC5590 /* Exceptions for "Notester" folder in "Notester" target */ = {
			isa = PBXFileSystemSynchronizedBuildFileExceptionSet;
			membershipExceptions = (
				Info.plist,
			);
			target = 1D750CB52CB4379600CC5590 /* Notester */;
		};
/* End PBXFileSystemSynchronizedBuildFileExceptionSet section */

/* Begin PBXFileSystemSynchronizedRootGroup section */
		1D750CB82CB4379600CC5590 /* Notester */ = {
			isa = PBXFileSystemSynchronizedRootGroup;
			exceptions = (
				1D750CF92CB45D0500CC5590 /* Exceptions for "Notester" folder in "Notester" target */,
			);
			path = Notester;
			sourceTree = "<group>";
		};
		1D750CCA2CB4379800CC5590 /* NotesterTests */ = {
			isa = PBXFileSystemSynchronizedRootGroup;
			path = NotesterTests;
			sourceTree = "<group>";
		};
		1D750CD42CB4379800CC5590 /* NotesterUITests */ = {
			isa = PBXFileSystemSynchronizedRootGroup;
			path = NotesterUITests;
			sourceTree = "<group>";
		};
		1D750CE92CB43D2D00CC5590 /* NotesterShareExtension */ = {
			isa = PBXFileSystemSynchronizedRootGroup;
			exceptions = (
				1D750CF32CB43D2D00CC5590 /* Exceptions for "NotesterShareExtension" folder in "NotesterShareExtension" target */,
			);
			path = NotesterShareExtension;
			sourceTree = "<group>";
		};
/* End PBXFileSystemSynchronizedRootGroup section */

/* Begin PBXFrameworksBuildPhase section */
		1D750CB32CB4379600CC5590 /* Frameworks */ = {
			isa = PBXFrameworksBuildPhase;
			buildActionMask = 2147483647;
			files = (
				1D750D052CB4610300CC5590 /* GoogleSignIn in Frameworks */,
				1D750D072CB4610300CC5590 /* GoogleSignInSwift in Frameworks */,
			);
			runOnlyForDeploymentPostprocessing = 0;
		};
		1D750CC42CB4379800CC5590 /* Frameworks */ = {
			isa = PBXFrameworksBuildPhase;
			buildActionMask = 2147483647;
			files = (
			);
			runOnlyForDeploymentPostprocessing = 0;
		};
		1D750CCE2CB4379800CC5590 /* Frameworks */ = {
			isa = PBXFrameworksBuildPhase;
			buildActionMask = 2147483647;
			files = (
			);
			runOnlyForDeploymentPostprocessing = 0;
		};
		1D750CE52CB43D2D00CC5590 /* Frameworks */ = {
			isa = PBXFrameworksBuildPhase;
			buildActionMask = 2147483647;
			files = (
				1D750D122CB4694A00CC5590 /* GoogleSignIn in Frameworks */,
			);
			runOnlyForDeploymentPostprocessing = 0;
		};
/* End PBXFrameworksBuildPhase section */

/* Begin PBXGroup section */
		1D750CAD2CB4379600CC5590 = {
			isa = PBXGroup;
			children = (
				1D750CB82CB4379600CC5590 /* Notester */,
				1D750CCA2CB4379800CC5590 /* NotesterTests */,
				1D750CD42CB4379800CC5590 /* NotesterUITests */,
				1D750CE92CB43D2D00CC5590 /* NotesterShareExtension */,
				1D750D102CB4694A00CC5590 /* Frameworks */,
				1D750CB72CB4379600CC5590 /* Products */,
			);
			sourceTree = "<group>";
		};
		1D750CB72CB4379600CC5590 /* Products */ = {
			isa = PBXGroup;
			children = (
				1D750CB62CB4379600CC5590 /* Notester.app */,
				1D750CC72CB4379800CC5590 /* NotesterTests.xctest */,
				1D750CD12CB4379800CC5590 /* NotesterUITests.xctest */,
				1D750CE82CB43D2D00CC5590 /* NotesterShareExtension.appex */,
			);
			name = Products;
			sourceTree = "<group>";
		};
		1D750D102CB4694A00CC5590 /* Frameworks */ = {
			isa = PBXGroup;
			children = (
			);
			name = Frameworks;
			sourceTree = "<group>";
		};
/* End PBXGroup section */

/* Begin PBXNativeTarget section */
		1D750CB52CB4379600CC5590 /* Notester */ = {
			isa = PBXNativeTarget;
			buildConfigurationList = 1D750CDB2CB4379800CC5590 /* Build configuration list for PBXNativeTarget "Notester" */;
			buildPhases = (
				1D750CB22CB4379600CC5590 /* Sources */,
				1D750CB32CB4379600CC5590 /* Frameworks */,
				1D750CB42CB4379600CC5590 /* Resources */,
				1D750CF72CB43D2D00CC5590 /* Embed Foundation Extensions */,
			);
			buildRules = (
			);
			dependencies = (
				1D750CF12CB43D2D00CC5590 /* PBXTargetDependency */,
			);
			fileSystemSynchronizedGroups = (
				1D750CB82CB4379600CC5590 /* Notester */,
			);
			name = Notester;
			packageProductDependencies = (
				1D750D042CB4610300CC5590 /* GoogleSignIn */,
				1D750D062CB4610300CC5590 /* GoogleSignInSwift */,
			);
			productName = Notester;
			productReference = 1D750CB62CB4379600CC5590 /* Notester.app */;
			productType = "com.apple.product-type.application";
		};
		1D750CC62CB4379800CC5590 /* NotesterTests */ = {
			isa = PBXNativeTarget;
			buildConfigurationList = 1D750CDE2CB4379800CC5590 /* Build configuration list for PBXNativeTarget "NotesterTests" */;
			buildPhases = (
				1D750CC32CB4379800CC5590 /* Sources */,
				1D750CC42CB4379800CC5590 /* Frameworks */,
				1D750CC52CB4379800CC5590 /* Resources */,
			);
			buildRules = (
			);
			dependencies = (
				1D750CC92CB4379800CC5590 /* PBXTargetDependency */,
			);
			fileSystemSynchronizedGroups = (
				1D750CCA2CB4379800CC5590 /* NotesterTests */,
			);
			name = NotesterTests;
			packageProductDependencies = (
			);
			productName = NotesterTests;
			productReference = 1D750CC72CB4379800CC5590 /* NotesterTests.xctest */;
			productType = "com.apple.product-type.bundle.unit-test";
		};
		1D750CD02CB4379800CC5590 /* NotesterUITests */ = {
			isa = PBXNativeTarget;
			buildConfigurationList = 1D750CE12CB4379800CC5590 /* Build configuration list for PBXNativeTarget "NotesterUITests" */;
			buildPhases = (
				1D750CCD2CB4379800CC5590 /* Sources */,
				1D750CCE2CB4379800CC5590 /* Frameworks */,
				1D750CCF2CB4379800CC5590 /* Resources */,
			);
			buildRules = (
			);
			dependencies = (
				1D750CD32CB4379800CC5590 /* PBXTargetDependency */,
			);
			fileSystemSynchronizedGroups = (
				1D750CD42CB4379800CC5590 /* NotesterUITests */,
			);
			name = NotesterUITests;
			packageProductDependencies = (
			);
			productName = NotesterUITests;
			productReference = 1D750CD12CB4379800CC5590 /* NotesterUITests.xctest */;
			productType = "com.apple.product-type.bundle.ui-testing";
		};
		1D750CE72CB43D2D00CC5590 /* NotesterShareExtension */ = {
			isa = PBXNativeTarget;
			buildConfigurationList = 1D750CF42CB43D2D00CC5590 /* Build configuration list for PBXNativeTarget "NotesterShareExtension" */;
			buildPhases = (
				1D750CE42CB43D2D00CC5590 /* Sources */,
				1D750CE52CB43D2D00CC5590 /* Frameworks */,
				1D750CE62CB43D2D00CC5590 /* Resources */,
			);
			buildRules = (
			);
			dependencies = (
			);
			fileSystemSynchronizedGroups = (
				1D750CE92CB43D2D00CC5590 /* NotesterShareExtension */,
			);
			name = NotesterShareExtension;
			packageProductDependencies = (
				1D750D112CB4694A00CC5590 /* GoogleSignIn */,
			);
			productName = NotesterShareExtension;
			productReference = 1D750CE82CB43D2D00CC5590 /* NotesterShareExtension.appex */;
			productType = "com.apple.product-type.app-extension";
		};
/* End PBXNativeTarget section */

/* Begin PBXProject section */
		1D750CAE2CB4379600CC5590 /* Project object */ = {
			isa = PBXProject;
			attributes = {
				BuildIndependentTargetsInParallel = 1;
				LastSwiftUpdateCheck = 1600;
				LastUpgradeCheck = 1600;
				TargetAttributes = {
					1D750CB52CB4379600CC5590 = {
						CreatedOnToolsVersion = 16.0;
					};
					1D750CC62CB4379800CC5590 = {
						CreatedOnToolsVersion = 16.0;
						TestTargetID = 1D750CB52CB4379600CC5590;
					};
					1D750CD02CB4379800CC5590 = {
						CreatedOnToolsVersion = 16.0;
						TestTargetID = 1D750CB52CB4379600CC5590;
					};
					1D750CE72CB43D2D00CC5590 = {
						CreatedOnToolsVersion = 16.0;
					};
				};
			};
			buildConfigurationList = 1D750CB12CB4379600CC5590 /* Build configuration list for PBXProject "Notester" */;
			developmentRegion = en;
			hasScannedForEncodings = 0;
			knownRegions = (
				en,
				Base,
			);
			mainGroup = 1D750CAD2CB4379600CC5590;
			minimizedProjectReferenceProxies = 1;
			packageReferences = (
				1D750D032CB4610300CC5590 /* XCRemoteSwiftPackageReference "GoogleSignIn-iOS" */,
			);
			preferredProjectObjectVersion = 77;
			productRefGroup = 1D750CB72CB4379600CC5590 /* Products */;
			projectDirPath = "";
			projectRoot = "";
			targets = (
				1D750CB52CB4379600CC5590 /* Notester */,
				1D750CC62CB4379800CC5590 /* NotesterTests */,
				1D750CD02CB4379800CC5590 /* NotesterUITests */,
				1D750CE72CB43D2D00CC5590 /* NotesterShareExtension */,
			);
		};
/* End PBXProject section */

/* Begin PBXResourcesBuildPhase section */
		1D750CB42CB4379600CC5590 /* Resources */ = {
			isa = PBXResourcesBuildPhase;
			buildActionMask = 2147483647;
			files = (
			);
			runOnlyForDeploymentPostprocessing = 0;
		};
		1D750CC52CB4379800CC5590 /* Resources */ = {
			isa = PBXResourcesBuildPhase;
			buildActionMask = 2147483647;
			files = (
			);
			runOnlyForDeploymentPostprocessing = 0;
		};
		1D750CCF2CB4379800CC5590 /* Resources */ = {
			isa = PBXResourcesBuildPhase;
			buildActionMask = 2147483647;
			files = (
			);
			runOnlyForDeploymentPostprocessing = 0;
		};
		1D750CE62CB43D2D00CC5590 /* Resources */ = {
			isa = PBXResourcesBuildPhase;
			buildActionMask = 2147483647;
			files = (
			);
			runOnlyForDeploymentPostprocessing = 0;
		};
/* End PBXResourcesBuildPhase section */

/* Begin PBXSourcesBuildPhase section */
		1D750CB22CB4379600CC5590 /* Sources */ = {
			isa = PBXSourcesBuildPhase;
			buildActionMask = 2147483647;
			files = (
			);
			runOnlyForDeploymentPostprocessing = 0;
		};
		1D750CC32CB4379800CC5590 /* Sources */ = {
			isa = PBXSourcesBuildPhase;
			buildActionMask = 2147483647;
			files = (
			);
			runOnlyForDeploymentPostprocessing = 0;
		};
		1D750CCD2CB4379800CC5590 /* Sources */ = {
			isa = PBXSourcesBuildPhase;
			buildActionMask = 2147483647;
			files = (
			);
			runOnlyForDeploymentPostprocessing = 0;
		};
		1D750CE42CB43D2D00CC5590 /* Sources */ = {
			isa = PBXSourcesBuildPhase;
			buildActionMask = 2147483647;
			files = (
			);
			runOnlyForDeploymentPostprocessing = 0;
		};
/* End PBXSourcesBuildPhase section */

/* Begin PBXTargetDependency section */
		1D750CC92CB4379800CC5590 /* PBXTargetDependency */ = {
			isa = PBXTargetDependency;
			target = 1D750CB52CB4379600CC5590 /* Notester */;
			targetProxy = 1D750CC82CB4379800CC5590 /* PBXContainerItemProxy */;
		};
		1D750CD32CB4379800CC5590 /* PBXTargetDependency */ = {
			isa = PBXTargetDependency;
			target = 1D750CB52CB4379600CC5590 /* Notester */;
			targetProxy = 1D750CD22CB4379800CC5590 /* PBXContainerItemProxy */;
		};
		1D750CF12CB43D2D00CC5590 /* PBXTargetDependency */ = {
			isa = PBXTargetDependency;
			target = 1D750CE72CB43D2D00CC5590 /* NotesterShareExtension */;
			targetProxy = 1D750CF02CB43D2D00CC5590 /* PBXContainerItemProxy */;
		};
/* End PBXTargetDependency section */

/* Begin XCBuildConfiguration section */
		1D750CD92CB4379800CC5590 /* Debug */ = {
			isa = XCBuildConfiguration;
			buildSettings = {
				ALWAYS_SEARCH_USER_PATHS = NO;
				ASSETCATALOG_COMPILER_GENERATE_SWIFT_ASSET_SYMBOL_EXTENSIONS = YES;
				CLANG_ANALYZER_NONNULL = YES;
				CLANG_ANALYZER_NUMBER_OBJECT_CONVERSION = YES_AGGRESSIVE;
				CLANG_CXX_LANGUAGE_STANDARD = "gnu++20";
				CLANG_ENABLE_MODULES = YES;
				CLANG_ENABLE_OBJC_ARC = YES;
				CLANG_ENABLE_OBJC_WEAK = YES;
				CLANG_WARN_BLOCK_CAPTURE_AUTORELEASING = YES;
				CLANG_WARN_BOOL_CONVERSION = YES;
				CLANG_WARN_COMMA = YES;
				CLANG_WARN_CONSTANT_CONVERSION = YES;
				CLANG_WARN_DEPRECATED_OBJC_IMPLEMENTATIONS = YES;
				CLANG_WARN_DIRECT_OBJC_ISA_USAGE = YES_ERROR;
				CLANG_WARN_DOCUMENTATION_COMMENTS = YES;
				CLANG_WARN_EMPTY_BODY = YES;
				CLANG_WARN_ENUM_CONVERSION = YES;
				CLANG_WARN_INFINITE_RECURSION = YES;
				CLANG_WARN_INT_CONVERSION = YES;
				CLANG_WARN_NON_LITERAL_NULL_CONVERSION = YES;
				CLANG_WARN_OBJC_IMPLICIT_RETAIN_SELF = YES;
				CLANG_WARN_OBJC_LITERAL_CONVERSION = YES;
				CLANG_WARN_OBJC_ROOT_CLASS = YES_ERROR;
				CLANG_WARN_QUOTED_INCLUDE_IN_FRAMEWORK_HEADER = YES;
				CLANG_WARN_RANGE_LOOP_ANALYSIS = YES;
				CLANG_WARN_STRICT_PROTOTYPES = YES;
				CLANG_WARN_SUSPICIOUS_MOVE = YES;
				CLANG_WARN_UNGUARDED_AVAILABILITY = YES_AGGRESSIVE;
				CLANG_WARN_UNREACHABLE_CODE = YES;
				CLANG_WARN__DUPLICATE_METHOD_MATCH = YES;
				COPY_PHASE_STRIP = NO;
				DEBUG_INFORMATION_FORMAT = dwarf;
				ENABLE_STRICT_OBJC_MSGSEND = YES;
				ENABLE_TESTABILITY = YES;
				ENABLE_USER_SCRIPT_SANDBOXING = YES;
				GCC_C_LANGUAGE_STANDARD = gnu17;
				GCC_DYNAMIC_NO_PIC = NO;
				GCC_NO_COMMON_BLOCKS = YES;
				GCC_OPTIMIZATION_LEVEL = 0;
				GCC_PREPROCESSOR_DEFINITIONS = (
					"DEBUG=1",
					"$(inherited)",
				);
				GCC_WARN_64_TO_32_BIT_CONVERSION = YES;
				GCC_WARN_ABOUT_RETURN_TYPE = YES_ERROR;
				GCC_WARN_UNDECLARED_SELECTOR = YES;
				GCC_WARN_UNINITIALIZED_AUTOS = YES_AGGRESSIVE;
				GCC_WARN_UNUSED_FUNCTION = YES;
				GCC_WARN_UNUSED_VARIABLE = YES;
				LOCALIZATION_PREFERS_STRING_CATALOGS = YES;
				MTL_ENABLE_DEBUG_INFO = INCLUDE_SOURCE;
				MTL_FAST_MATH = YES;
				ONLY_ACTIVE_ARCH = YES;
				SWIFT_ACTIVE_COMPILATION_CONDITIONS = "DEBUG $(inherited)";
				SWIFT_OPTIMIZATION_LEVEL = "-Onone";
			};
			name = Debug;
		};
		1D750CDA2CB4379800CC5590 /* Release */ = {
			isa = XCBuildConfiguration;
			buildSettings = {
				ALWAYS_SEARCH_USER_PATHS = NO;
				ASSETCATALOG_COMPILER_GENERATE_SWIFT_ASSET_SYMBOL_EXTENSIONS = YES;
				CLANG_ANALYZER_NONNULL = YES;
				CLANG_ANALYZER_NUMBER_OBJECT_CONVERSION = YES_AGGRESSIVE;
				CLANG_CXX_LANGUAGE_STANDARD = "gnu++20";
				CLANG_ENABLE_MODULES = YES;
				CLANG_ENABLE_OBJC_ARC = YES;
				CLANG_ENABLE_OBJC_WEAK = YES;
				CLANG_WARN_BLOCK_CAPTURE_AUTORELEASING = YES;
				CLANG_WARN_BOOL_CONVERSION = YES;
				CLANG_WARN_COMMA = YES;
				CLANG_WARN_CONSTANT_CONVERSION = YES;
				CLANG_WARN_DEPRECATED_OBJC_IMPLEMENTATIONS = YES;
				CLANG_WARN_DIRECT_OBJC_ISA_USAGE = YES_ERROR;
				CLANG_WARN_DOCUMENTATION_COMMENTS = YES;
				CLANG_WARN_EMPTY_BODY = YES;
				CLANG_WARN_ENUM_CONVERSION = YES;
				CLANG_WARN_INFINITE_RECURSION = YES;
				CLANG_WARN_INT_CONVERSION = YES;
				CLANG_WARN_NON_LITERAL_NULL_CONVERSION = YES;
				CLANG_WARN_OBJC_IMPLICIT_RETAIN_SELF = YES;
				CLANG_WARN_OBJC_LITERAL_CONVERSION = YES;
				CLANG_WARN_OBJC_ROOT_CLASS = YES_ERROR;
				CLANG_WARN_QUOTED_INCLUDE_IN_FRAMEWORK_HEADER = YES;
				CLANG_WARN_RANGE_LOOP_ANALYSIS = YES;
				CLANG_WARN_STRICT_PROTOTYPES = YES;
				CLANG_WARN_SUSPICIOUS_MOVE = YES;
				CLANG_WARN_UNGUARDED_AVAILABILITY = YES_AGGRESSIVE;
				CLANG_WARN_UNREACHABLE_CODE = YES;
				CLANG_WARN__DUPLICATE_METHOD_MATCH = YES;
				COPY_PHASE_STRIP = NO;
				DEBUG_INFORMATION_FORMAT = "dwarf-with-dsym";
				ENABLE_NS_ASSERTIONS = NO;
				ENABLE_STRICT_OBJC_MSGSEND = YES;
				ENABLE_USER_SCRIPT_SANDBOXING = YES;
				GCC_C_LANGUAGE_STANDARD = gnu17;
				GCC_NO_COMMON_BLOCKS = YES;
				GCC_WARN_64_TO_32_BIT_CONVERSION = YES;
				GCC_WARN_ABOUT_RETURN_TYPE = YES_ERROR;
				GCC_WARN_UNDECLARED_SELECTOR = YES;
				GCC_WARN_UNINITIALIZED_AUTOS = YES_AGGRESSIVE;
				GCC_WARN_UNUSED_FUNCTION = YES;
				GCC_WARN_UNUSED_VARIABLE = YES;
				LOCALIZATION_PREFERS_STRING_CATALOGS = YES;
				MTL_ENABLE_DEBUG_INFO = NO;
				MTL_FAST_MATH = YES;
				SWIFT_COMPILATION_MODE = wholemodule;
			};
			name = Release;
		};
		1D750CDC2CB4379800CC5590 /* Debug */ = {
			isa = XCBuildConfiguration;
			buildSettings = {
				ASSETCATALOG_COMPILER_APPICON_NAME = AppIcon;
				ASSETCATALOG_COMPILER_GLOBAL_ACCENT_COLOR_NAME = AccentColor;
				CODE_SIGN_ENTITLEMENTS = Notester/Notester.entitlements;
				CODE_SIGN_STYLE = Automatic;
				CURRENT_PROJECT_VERSION = 1;
				DEVELOPMENT_ASSET_PATHS = "\"Notester/Preview Content\"";
				DEVELOPMENT_TEAM = GG8Q6AZ9Y3;
				ENABLE_HARDENED_RUNTIME = YES;
				ENABLE_PREVIEWS = YES;
				GENERATE_INFOPLIST_FILE = YES;
				INFOPLIST_FILE = Notester/Info.plist;
				INFOPLIST_KEY_NSMicrophoneUsageDescription = "We need access to your microphone to record voice notes";
				"INFOPLIST_KEY_UIApplicationSceneManifest_Generation[sdk=iphoneos*]" = YES;
				"INFOPLIST_KEY_UIApplicationSceneManifest_Generation[sdk=iphonesimulator*]" = YES;
				"INFOPLIST_KEY_UIApplicationSupportsIndirectInputEvents[sdk=iphoneos*]" = YES;
				"INFOPLIST_KEY_UIApplicationSupportsIndirectInputEvents[sdk=iphonesimulator*]" = YES;
				"INFOPLIST_KEY_UILaunchScreen_Generation[sdk=iphoneos*]" = YES;
				"INFOPLIST_KEY_UILaunchScreen_Generation[sdk=iphonesimulator*]" = YES;
				"INFOPLIST_KEY_UIStatusBarStyle[sdk=iphoneos*]" = UIStatusBarStyleDefault;
				"INFOPLIST_KEY_UIStatusBarStyle[sdk=iphonesimulator*]" = UIStatusBarStyleDefault;
				INFOPLIST_KEY_UISupportedInterfaceOrientations_iPad = "UIInterfaceOrientationPortrait UIInterfaceOrientationPortraitUpsideDown UIInterfaceOrientationLandscapeLeft UIInterfaceOrientationLandscapeRight";
				INFOPLIST_KEY_UISupportedInterfaceOrientations_iPhone = "UIInterfaceOrientationPortrait UIInterfaceOrientationLandscapeLeft UIInterfaceOrientationLandscapeRight";
				IPHONEOS_DEPLOYMENT_TARGET = 18.0;
				LD_RUNPATH_SEARCH_PATHS = "@executable_path/Frameworks";
				"LD_RUNPATH_SEARCH_PATHS[sdk=macosx*]" = "@executable_path/../Frameworks";
				MACOSX_DEPLOYMENT_TARGET = 15.0;
				MARKETING_VERSION = 1.0;
				PRODUCT_BUNDLE_IDENTIFIER = com.mconsultants.Notester;
				PRODUCT_NAME = "$(TARGET_NAME)";
				SDKROOT = auto;
				SUPPORTED_PLATFORMS = "iphoneos iphonesimulator macosx xros xrsimulator";
				SWIFT_EMIT_LOC_STRINGS = YES;
				SWIFT_VERSION = 5.0;
				TARGETED_DEVICE_FAMILY = "1,2,7";
				XROS_DEPLOYMENT_TARGET = 2.0;
			};
			name = Debug;
		};
		1D750CDD2CB4379800CC5590 /* Release */ = {
			isa = XCBuildConfiguration;
			buildSettings = {
				ASSETCATALOG_COMPILER_APPICON_NAME = AppIcon;
				ASSETCATALOG_COMPILER_GLOBAL_ACCENT_COLOR_NAME = AccentColor;
				CODE_SIGN_ENTITLEMENTS = Notester/Notester.entitlements;
				CODE_SIGN_STYLE = Automatic;
				CURRENT_PROJECT_VERSION = 1;
				DEVELOPMENT_ASSET_PATHS = "\"Notester/Preview Content\"";
				DEVELOPMENT_TEAM = GG8Q6AZ9Y3;
				ENABLE_HARDENED_RUNTIME = YES;
				ENABLE_PREVIEWS = YES;
				GENERATE_INFOPLIST_FILE = YES;
				INFOPLIST_FILE = Notester/Info.plist;
				INFOPLIST_KEY_NSMicrophoneUsageDescription = "We need access to your microphone to record voice notes";
				"INFOPLIST_KEY_UIApplicationSceneManifest_Generation[sdk=iphoneos*]" = YES;
				"INFOPLIST_KEY_UIApplicationSceneManifest_Generation[sdk=iphonesimulator*]" = YES;
				"INFOPLIST_KEY_UIApplicationSupportsIndirectInputEvents[sdk=iphoneos*]" = YES;
				"INFOPLIST_KEY_UIApplicationSupportsIndirectInputEvents[sdk=iphonesimulator*]" = YES;
				"INFOPLIST_KEY_UILaunchScreen_Generation[sdk=iphoneos*]" = YES;
				"INFOPLIST_KEY_UILaunchScreen_Generation[sdk=iphonesimulator*]" = YES;
				"INFOPLIST_KEY_UIStatusBarStyle[sdk=iphoneos*]" = UIStatusBarStyleDefault;
				"INFOPLIST_KEY_UIStatusBarStyle[sdk=iphonesimulator*]" = UIStatusBarStyleDefault;
				INFOPLIST_KEY_UISupportedInterfaceOrientations_iPad = "UIInterfaceOrientationPortrait UIInterfaceOrientationPortraitUpsideDown UIInterfaceOrientationLandscapeLeft UIInterfaceOrientationLandscapeRight";
				INFOPLIST_KEY_UISupportedInterfaceOrientations_iPhone = "UIInterfaceOrientationPortrait UIInterfaceOrientationLandscapeLeft UIInterfaceOrientationLandscapeRight";
				IPHONEOS_DEPLOYMENT_TARGET = 18.0;
				LD_RUNPATH_SEARCH_PATHS = "@executable_path/Frameworks";
				"LD_RUNPATH_SEARCH_PATHS[sdk=macosx*]" = "@executable_path/../Frameworks";
				MACOSX_DEPLOYMENT_TARGET = 15.0;
				MARKETING_VERSION = 1.0;
				PRODUCT_BUNDLE_IDENTIFIER = com.mconsultants.Notester;
				PRODUCT_NAME = "$(TARGET_NAME)";
				SDKROOT = auto;
				SUPPORTED_PLATFORMS = "iphoneos iphonesimulator macosx xros xrsimulator";
				SWIFT_EMIT_LOC_STRINGS = YES;
				SWIFT_VERSION = 5.0;
				TARGETED_DEVICE_FAMILY = "1,2,7";
				XROS_DEPLOYMENT_TARGET = 2.0;
			};
			name = Release;
		};
		1D750CDF2CB4379800CC5590 /* Debug */ = {
			isa = XCBuildConfiguration;
			buildSettings = {
				BUNDLE_LOADER = "$(TEST_HOST)";
				CODE_SIGN_STYLE = Automatic;
				CURRENT_PROJECT_VERSION = 1;
				DEVELOPMENT_TEAM = GG8Q6AZ9Y3;
				GENERATE_INFOPLIST_FILE = YES;
				IPHONEOS_DEPLOYMENT_TARGET = 18.0;
				MACOSX_DEPLOYMENT_TARGET = 15.0;
				MARKETING_VERSION = 1.0;
				PRODUCT_BUNDLE_IDENTIFIER = com.mconsultants.NotesterTests;
				PRODUCT_NAME = "$(TARGET_NAME)";
				SDKROOT = auto;
				SUPPORTED_PLATFORMS = "iphoneos iphonesimulator macosx xros xrsimulator";
				SWIFT_EMIT_LOC_STRINGS = NO;
				SWIFT_VERSION = 5.0;
				TARGETED_DEVICE_FAMILY = "1,2,7";
				TEST_HOST = "$(BUILT_PRODUCTS_DIR)/Notester.app/$(BUNDLE_EXECUTABLE_FOLDER_PATH)/Notester";
				XROS_DEPLOYMENT_TARGET = 2.0;
			};
			name = Debug;
		};
		1D750CE02CB4379800CC5590 /* Release */ = {
			isa = XCBuildConfiguration;
			buildSettings = {
				BUNDLE_LOADER = "$(TEST_HOST)";
				CODE_SIGN_STYLE = Automatic;
				CURRENT_PROJECT_VERSION = 1;
				DEVELOPMENT_TEAM = GG8Q6AZ9Y3;
				GENERATE_INFOPLIST_FILE = YES;
				IPHONEOS_DEPLOYMENT_TARGET = 18.0;
				MACOSX_DEPLOYMENT_TARGET = 15.0;
				MARKETING_VERSION = 1.0;
				PRODUCT_BUNDLE_IDENTIFIER = com.mconsultants.NotesterTests;
				PRODUCT_NAME = "$(TARGET_NAME)";
				SDKROOT = auto;
				SUPPORTED_PLATFORMS = "iphoneos iphonesimulator macosx xros xrsimulator";
				SWIFT_EMIT_LOC_STRINGS = NO;
				SWIFT_VERSION = 5.0;
				TARGETED_DEVICE_FAMILY = "1,2,7";
				TEST_HOST = "$(BUILT_PRODUCTS_DIR)/Notester.app/$(BUNDLE_EXECUTABLE_FOLDER_PATH)/Notester";
				XROS_DEPLOYMENT_TARGET = 2.0;
			};
			name = Release;
		};
		1D750CE22CB4379800CC5590 /* Debug */ = {
			isa = XCBuildConfiguration;
			buildSettings = {
				CODE_SIGN_STYLE = Automatic;
				CURRENT_PROJECT_VERSION = 1;
				DEVELOPMENT_TEAM = GG8Q6AZ9Y3;
				GENERATE_INFOPLIST_FILE = YES;
				IPHONEOS_DEPLOYMENT_TARGET = 18.0;
				MACOSX_DEPLOYMENT_TARGET = 15.0;
				MARKETING_VERSION = 1.0;
				PRODUCT_BUNDLE_IDENTIFIER = com.mconsultants.NotesterUITests;
				PRODUCT_NAME = "$(TARGET_NAME)";
				SDKROOT = auto;
				SUPPORTED_PLATFORMS = "iphoneos iphonesimulator macosx xros xrsimulator";
				SWIFT_EMIT_LOC_STRINGS = NO;
				SWIFT_VERSION = 5.0;
				TARGETED_DEVICE_FAMILY = "1,2,7";
				TEST_TARGET_NAME = Notester;
				XROS_DEPLOYMENT_TARGET = 2.0;
			};
			name = Debug;
		};
		1D750CE32CB4379800CC5590 /* Release */ = {
			isa = XCBuildConfiguration;
			buildSettings = {
				CODE_SIGN_STYLE = Automatic;
				CURRENT_PROJECT_VERSION = 1;
				DEVELOPMENT_TEAM = GG8Q6AZ9Y3;
				GENERATE_INFOPLIST_FILE = YES;
				IPHONEOS_DEPLOYMENT_TARGET = 18.0;
				MACOSX_DEPLOYMENT_TARGET = 15.0;
				MARKETING_VERSION = 1.0;
				PRODUCT_BUNDLE_IDENTIFIER = com.mconsultants.NotesterUITests;
				PRODUCT_NAME = "$(TARGET_NAME)";
				SDKROOT = auto;
				SUPPORTED_PLATFORMS = "iphoneos iphonesimulator macosx xros xrsimulator";
				SWIFT_EMIT_LOC_STRINGS = NO;
				SWIFT_VERSION = 5.0;
				TARGETED_DEVICE_FAMILY = "1,2,7";
				TEST_TARGET_NAME = Notester;
				XROS_DEPLOYMENT_TARGET = 2.0;
			};
			name = Release;
		};
		1D750CF52CB43D2D00CC5590 /* Debug */ = {
			isa = XCBuildConfiguration;
			buildSettings = {
				CODE_SIGN_ENTITLEMENTS = NotesterShareExtension/NotesterShareExtension.entitlements;
				CODE_SIGN_STYLE = Automatic;
				CURRENT_PROJECT_VERSION = 1;
				DEVELOPMENT_TEAM = GG8Q6AZ9Y3;
				GENERATE_INFOPLIST_FILE = YES;
				INFOPLIST_FILE = NotesterShareExtension/Info.plist;
				INFOPLIST_KEY_CFBundleDisplayName = NotesterShareExtension;
				INFOPLIST_KEY_NSHumanReadableCopyright = "";
				IPHONEOS_DEPLOYMENT_TARGET = 18.0;
				LD_RUNPATH_SEARCH_PATHS = (
					"$(inherited)",
					"@executable_path/Frameworks",
					"@executable_path/../../Frameworks",
				);
				MARKETING_VERSION = 1.0;
				PRODUCT_BUNDLE_IDENTIFIER = com.mconsultants.Notester.NotesterShareExtension;
				PRODUCT_NAME = "$(TARGET_NAME)";
				SDKROOT = iphoneos;
				SKIP_INSTALL = YES;
				SWIFT_EMIT_LOC_STRINGS = YES;
				SWIFT_VERSION = 5.0;
				TARGETED_DEVICE_FAMILY = "1,2";
			};
			name = Debug;
		};
		1D750CF62CB43D2D00CC5590 /* Release */ = {
			isa = XCBuildConfiguration;
			buildSettings = {
				CODE_SIGN_ENTITLEMENTS = NotesterShareExtension/NotesterShareExtension.entitlements;
				CODE_SIGN_STYLE = Automatic;
				CURRENT_PROJECT_VERSION = 1;
				DEVELOPMENT_TEAM = GG8Q6AZ9Y3;
				GENERATE_INFOPLIST_FILE = YES;
				INFOPLIST_FILE = NotesterShareExtension/Info.plist;
				INFOPLIST_KEY_CFBundleDisplayName = NotesterShareExtension;
				INFOPLIST_KEY_NSHumanReadableCopyright = "";
				IPHONEOS_DEPLOYMENT_TARGET = 18.0;
				LD_RUNPATH_SEARCH_PATHS = (
					"$(inherited)",
					"@executable_path/Frameworks",
					"@executable_path/../../Frameworks",
				);
				MARKETING_VERSION = 1.0;
				PRODUCT_BUNDLE_IDENTIFIER = com.mconsultants.Notester.NotesterShareExtension;
				PRODUCT_NAME = "$(TARGET_NAME)";
				SDKROOT = iphoneos;
				SKIP_INSTALL = YES;
				SWIFT_EMIT_LOC_STRINGS = YES;
				SWIFT_VERSION = 5.0;
				TARGETED_DEVICE_FAMILY = "1,2";
				VALIDATE_PRODUCT = YES;
			};
			name = Release;
		};
/* End XCBuildConfiguration section */

/* Begin XCConfigurationList section */
		1D750CB12CB4379600CC5590 /* Build configuration list for PBXProject "Notester" */ = {
			isa = XCConfigurationList;
			buildConfigurations = (
				1D750CD92CB4379800CC5590 /* Debug */,
				1D750CDA2CB4379800CC5590 /* Release */,
			);
			defaultConfigurationIsVisible = 0;
			defaultConfigurationName = Release;
		};
		1D750CDB2CB4379800CC5590 /* Build configuration list for PBXNativeTarget "Notester" */ = {
			isa = XCConfigurationList;
			buildConfigurations = (
				1D750CDC2CB4379800CC5590 /* Debug */,
				1D750CDD2CB4379800CC5590 /* Release */,
			);
			defaultConfigurationIsVisible = 0;
			defaultConfigurationName = Release;
		};
		1D750CDE2CB4379800CC5590 /* Build configuration list for PBXNativeTarget "NotesterTests" */ = {
			isa = XCConfigurationList;
			buildConfigurations = (
				1D750CDF2CB4379800CC5590 /* Debug */,
				1D750CE02CB4379800CC5590 /* Release */,
			);
			defaultConfigurationIsVisible = 0;
			defaultConfigurationName = Release;
		};
		1D750CE12CB4379800CC5590 /* Build configuration list for PBXNativeTarget "NotesterUITests" */ = {
			isa = XCConfigurationList;
			buildConfigurations = (
				1D750CE22CB4379800CC5590 /* Debug */,
				1D750CE32CB4379800CC5590 /* Release */,
			);
			defaultConfigurationIsVisible = 0;
			defaultConfigurationName = Release;
		};
		1D750CF42CB43D2D00CC5590 /* Build configuration list for PBXNativeTarget "NotesterShareExtension" */ = {
			isa = XCConfigurationList;
			buildConfigurations = (
				1D750CF52CB43D2D00CC5590 /* Debug */,
				1D750CF62CB43D2D00CC5590 /* Release */,
			);
			defaultConfigurationIsVisible = 0;
			defaultConfigurationName = Release;
		};
/* End XCConfigurationList section */

/* Begin XCRemoteSwiftPackageReference section */
		1D750D032CB4610300CC5590 /* XCRemoteSwiftPackageReference "GoogleSignIn-iOS" */ = {
			isa = XCRemoteSwiftPackageReference;
			repositoryURL = "https://github.com/google/GoogleSignIn-iOS.git";
			requirement = {
				kind = upToNextMajorVersion;
				minimumVersion = 8.0.0;
			};
		};
/* End XCRemoteSwiftPackageReference section */

/* Begin XCSwiftPackageProductDependency section */
		1D750D042CB4610300CC5590 /* GoogleSignIn */ = {
			isa = XCSwiftPackageProductDependency;
			package = 1D750D032CB4610300CC5590 /* XCRemoteSwiftPackageReference "GoogleSignIn-iOS" */;
			productName = GoogleSignIn;
		};
		1D750D062CB4610300CC5590 /* GoogleSignInSwift */ = {
			isa = XCSwiftPackageProductDependency;
			package = 1D750D032CB4610300CC5590 /* XCRemoteSwiftPackageReference "GoogleSignIn-iOS" */;
			productName = GoogleSignInSwift;
		};
		1D750D112CB4694A00CC5590 /* GoogleSignIn */ = {
			isa = XCSwiftPackageProductDependency;
			package = 1D750D032CB4610300CC5590 /* XCRemoteSwiftPackageReference "GoogleSignIn-iOS" */;
			productName = GoogleSignIn;
		};
/* End XCSwiftPackageProductDependency section */
	};
	rootObject = 1D750CAE2CB4379600CC5590 /* Project object */;
}
